{
  "name": "node-red-contrib-ftrack",
  "version": "0.5.0",
  "lockfileVersion": 1,
  "requires": true,
  "dependencies": {
    "es6-promise": {
      "version": "3.3.1",
      "resolved": "https://registry.npmjs.org/es6-promise/-/es6-promise-3.3.1.tgz",
      "integrity": "sha1-oIzd6EzNvzTQJ6FFG8kdS80ophM="
    },
    "ftrack-javascript-api": {
      "version": "git+https://git@bitbucket.org/ftrack/ftrack-javascript-api.git#2ed1b7b60f01853c61377f62029cfad90c3650cb",
      "from": "git+https://git@bitbucket.org/ftrack/ftrack-javascript-api.git#0.7.1",
      "requires": {
        "es6-promise": "^3.1.2",
        "lodash": "^4.12.0",
        "loglevel": "^1.4.0",
        "moment": "^2.13.0",
        "uuid": "^2.0.2",
        "whatwg-fetch": "^1.0.0"
      }
    },
    "lodash": {
      "version": "4.17.15",
      "resolved": "https://registry.npmjs.org/lodash/-/lodash-4.17.15.tgz",
      "integrity": "sha512-8xOcRHvCjnocdS5cpwXQXVzmmh5e5+saE2QGoeQmbKmRS6J3VQppPOIt0MnmE+4xlZoumy0GPG0D0MVIQbNA1A=="
    },
    "loglevel": {
      "version": "1.6.6",
      "resolved": "https://registry.npmjs.org/loglevel/-/loglevel-1.6.6.tgz",
      "integrity": "sha512-Sgr5lbboAUBo3eXCSPL4/KoVz3ROKquOjcctxmHIt+vol2DrqTQe3SwkKKuYhEiWB5kYa13YyopJ69deJ1irzQ=="
    },
    "moment": {
      "version": "2.24.0",
      "resolved": "https://registry.npmjs.org/moment/-/moment-2.24.0.tgz",
      "integrity": "sha512-bV7f+6l2QigeBBZSM/6yTNq4P2fNpSWj/0e7jQcy87A8e7o2nAfP/34/2ky5Vw4B9S446EtIhodAzkFCcR4dQg=="
    },
    "uuid": {
      "version": "2.0.3",
      "resolved": "https://registry.npmjs.org/uuid/-/uuid-2.0.3.tgz",
      "integrity": "sha1-Z+LoY3lyFVMN/zGOW/nc6/1Hsho="
    },
    "whatwg-fetch": {
      "version": "1.1.1",
      "resolved": "https://registry.npmjs.org/whatwg-fetch/-/whatwg-fetch-1.1.1.tgz",
      "integrity": "sha1-rDydOfMgxtzlM5lp0FTvQ90zMxk="
    }
  }
}
